
Microsoft Visual Studio Solution File, Format Version 12.00
# Visual Studio Version 17
VisualStudioVersion = 17.2.32616.157
MinimumVisualStudioVersion = 10.0.40219.1
Project("{9A19103F-16F7-4668-BE54-9A1E7A4F7556}") = "6zad", "6zad\6zad.csproj", "{327CA77D-902A-438D-B83A-B2F06E7E8119}"
EndProject
Project("{9A19103F-16F7-4668-BE54-9A1E7A4F7556}") = "06.ConcatenateData", "06.ConcatenateData\06.ConcatenateData.csproj", "{38295BD0-7FC5-495C-A0CF-D0D940640575}"
EndProject
Project("{FAE04EC0-301F-11D3-BF4B-00C04F79EFBC}") = "4", "4\4.csproj", "{0A28B159-5512-4461-AFE9-F1EFC00F8B04}"
EndProject
Global
	GlobalSection(SolutionConfigurationPlatforms) = preSolution
		Debug|Any CPU = Debug|Any CPU
		Release|Any CPU = Release|Any CPU
	EndGlobalSection
	GlobalSection(ProjectConfigurationPlatforms) = postSolution
		{327CA77D-902A-438D-B83A-B2F06E7E8119}.Debug|Any CPU.ActiveCfg = Debug|Any CPU
		{327CA77D-902A-438D-B83A-B2F06E7E8119}.Debug|Any CPU.Build.0 = Debug|Any CPU
		{327CA77D-902A-438D-B83A-B2F06E7E8119}.Release|Any CPU.ActiveCfg = Release|Any CPU
		{327CA77D-902A-438D-B83A-B2F06E7E8119}.Release|Any CPU.Build.0 = Release|Any CPU
		{38295BD0-7FC5-495C-A0CF-D0D940640575}.Debug|Any CPU.ActiveCfg = Debug|Any CPU
		{38295BD0-7FC5-495C-A0CF-D0D940640575}.Debug|Any CPU.Build.0 = Debug|Any CPU
		{38295BD0-7FC5-495C-A0CF-D0D940640575}.Release|Any CPU.ActiveCfg = Release|Any CPU
		{38295BD0-7FC5-495C-A0CF-D0D940640575}.Release|Any CPU.Build.0 = Release|Any CPU
		{0A28B159-5512-4461-AFE9-F1EFC00F8B04}.Debug|Any CPU.ActiveCfg = Debug|Any CPU
		{0A28B159-5512-4461-AFE9-F1EFC00F8B04}.Debug|Any CPU.Build.0 = Debug|Any CPU
		{0A28B159-5512-4461-AFE9-F1EFC00F8B04}.Release|Any CPU.ActiveCfg = Release|Any CPU
		{0A28B159-5512-4461-AFE9-F1EFC00F8B04}.Release|Any CPU.Build.0 = Release|Any CPU
	EndGlobalSection
	GlobalSection(SolutionProperties) = preSolution
		HideSolutionNode = FALSE
	EndGlobalSection
	GlobalSection(ExtensibilityGlobals) = postSolution
		SolutionGuid = {0DD3AAD0-8618-4EA9-B258-709183B354B2}
	EndGlobalSection
EndGlobal
