
Microsoft Visual Studio Solution File, Format Version 12.00
# Visual Studio Version 17
VisualStudioVersion = 17.2.32616.157
MinimumVisualStudioVersion = 10.0.40219.1
Project("{FAE04EC0-301F-11D3-BF4B-00C04F79EFBC}") = "08. Pet Shop", "08. Pet Shop\08. Pet Shop.csproj", "{AE6D3294-EDED-4126-BD37-8F70DC5FB956}"
EndProject
Global
	GlobalSection(SolutionConfigurationPlatforms) = preSolution
		Debug|Any CPU = Debug|Any CPU
		Release|Any CPU = Release|Any CPU
	EndGlobalSection
	GlobalSection(ProjectConfigurationPlatforms) = postSolution
		{AE6D3294-EDED-4126-BD37-8F70DC5FB956}.Debug|Any CPU.ActiveCfg = Debug|Any CPU
		{AE6D3294-EDED-4126-BD37-8F70DC5FB956}.Debug|Any CPU.Build.0 = Debug|Any CPU
		{AE6D3294-EDED-4126-BD37-8F70DC5FB956}.Release|Any CPU.ActiveCfg = Release|Any CPU
		{AE6D3294-EDED-4126-BD37-8F70DC5FB956}.Release|Any CPU.Build.0 = Release|Any CPU
	EndGlobalSection
	GlobalSection(SolutionProperties) = preSolution
		HideSolutionNode = FALSE
	EndGlobalSection
	GlobalSection(ExtensibilityGlobals) = postSolution
		SolutionGuid = {A7CDF401-B19A-434B-8353-6F047038A8F0}
	EndGlobalSection
EndGlobal
